// !$*UTF8*$!
{
	archiveVersion = 1;
	classes = {
	};
	objectVersion = 50;
	objects = {

/* Begin PBXBuildFile section */
		18743DB02551653300993165 /* AppDelegate.swift in Sources */ = {isa = PBXBuildFile; fileRef = 18743DAF2551653300993165 /* AppDelegate.swift */; };
		18743DB22551653300993165 /* SceneDelegate.swift in Sources */ = {isa = PBXBuildFile; fileRef = 18743DB12551653300993165 /* SceneDelegate.swift */; };
		18743DB42551653300993165 /* ViewController.swift in Sources */ = {isa = PBXBuildFile; fileRef = 18743DB32551653300993165 /* ViewController.swift */; };
		18743DB72551653300993165 /* Main.storyboard in Resources */ = {isa = PBXBuildFile; fileRef = 18743DB52551653300993165 /* Main.storyboard */; };
		18743DB92551653500993165 /* Assets.xcassets in Resources */ = {isa = PBXBuildFile; fileRef = 18743DB82551653500993165 /* Assets.xcassets */; };
		18743DBC2551653500993165 /* LaunchScreen.storyboard in Resources */ = {isa = PBXBuildFile; fileRef = 18743DBA2551653500993165 /* LaunchScreen.storyboard */; };
		18743DC72551653500993165 /* Task1Tests.swift in Sources */ = {isa = PBXBuildFile; fileRef = 18743DC62551653500993165 /* Task1Tests.swift */; };
		18743DD22551653500993165 /* Task1UITests.swift in Sources */ = {isa = PBXBuildFile; fileRef = 18743DD12551653500993165 /* Task1UITests.swift */; };
		18743DE02551678B00993165 /* Extensions.swift in Sources */ = {isa = PBXBuildFile; fileRef = 18743DDF2551678B00993165 /* Extensions.swift */; };
		18743DE225516F3E00993165 /* GradientView.swift in Sources */ = {isa = PBXBuildFile; fileRef = 18743DE125516F3E00993165 /* GradientView.swift */; };
		18743DE42551A6BA00993165 /* Dummy.swift in Sources */ = {isa = PBXBuildFile; fileRef = 18743DE32551A6BA00993165 /* Dummy.swift */; };
/* End PBXBuildFile section */

/* Begin PBXContainerItemProxy section */
		18743DC32551653500993165 /* PBXContainerItemProxy */ = {
			isa = PBXContainerItemProxy;
			containerPortal = 18743DA42551653300993165 /* Project object */;
			proxyType = 1;
			remoteGlobalIDString = 18743DAB2551653300993165;
			remoteInfo = Task1;
		};
		18743DCE2551653500993165 /* PBXContainerItemProxy */ = {
			isa = PBXContainerItemProxy;
			containerPortal = 18743DA42551653300993165 /* Project object */;
			proxyType = 1;
			remoteGlobalIDString = 18743DAB2551653300993165;
			remoteInfo = Task1;
		};
/* End PBXContainerItemProxy section */

/* Begin PBXFileReference section */
		18743DAC2551653300993165 /* Task1.app */ = {isa = PBXFileReference; explicitFileType = wrapper.application; includeInIndex = 0; path = Task1.app; sourceTree = BUILT_PRODUCTS_DIR; };
		18743DAF2551653300993165 /* AppDelegate.swift */ = {isa = PBXFileReference; lastKnownFileType = sourcecode.swift; path = AppDelegate.swift; sourceTree = "<group>"; };
		18743DB12551653300993165 /* SceneDelegate.swift */ = {isa = PBXFileReference; lastKnownFileType = sourcecode.swift; path = SceneDelegate.swift; sourceTree = "<group>"; };
		18743DB32551653300993165 /* ViewController.swift */ = {isa = PBXFileReference; lastKnownFileType = sourcecode.swift; path = ViewController.swift; sourceTree = "<group>"; };
		18743DB62551653300993165 /* Base */ = {isa = PBXFileReference; lastKnownFileType = file.storyboard; name = Base; path = Base.lproj/Main.storyboard; sourceTree = "<group>"; };
		18743DB82551653500993165 /* Assets.xcassets */ = {isa = PBXFileReference; lastKnownFileType = folder.assetcatalog; path = Assets.xcassets; sourceTree = "<group>"; };
		18743DBB2551653500993165 /* Base */ = {isa = PBXFileReference; lastKnownFileType = file.storyboard; name = Base; path = Base.lproj/LaunchScreen.storyboard; sourceTree = "<group>"; };
		18743DBD2551653500993165 /* Info.plist */ = {isa = PBXFileReference; lastKnownFileType = text.plist.xml; path = Info.plist; sourceTree = "<group>"; };
		18743DC22551653500993165 /* Task1Tests.xctest */ = {isa = PBXFileReference; explicitFileType = wrapper.cfbundle; includeInIndex = 0; path = Task1Tests.xctest; sourceTree = BUILT_PRODUCTS_DIR; };
		18743DC62551653500993165 /* Task1Tests.swift */ = {isa = PBXFileReference; lastKnownFileType = sourcecode.swift; path = Task1Tests.swift; sourceTree = "<group>"; };
		18743DC82551653500993165 /* Info.plist */ = {isa = PBXFileReference; lastKnownFileType = text.plist.xml; path = Info.plist; sourceTree = "<group>"; };
		18743DCD2551653500993165 /* Task1UITests.xctest */ = {isa = PBXFileReference; explicitFileType = wrapper.cfbundle; includeInIndex = 0; path = Task1UITests.xctest; sourceTree = BUILT_PRODUCTS_DIR; };
		18743DD12551653500993165 /* Task1UITests.swift */ = {isa = PBXFileReference; lastKnownFileType = sourcecode.swift; path = Task1UITests.swift; sourceTree = "<group>"; };
		18743DD32551653500993165 /* Info.plist */ = {isa = PBXFileReference; lastKnownFileType = text.plist.xml; path = Info.plist; sourceTree = "<group>"; };
		18743DDF2551678B00993165 /* Extensions.swift */ = {isa = PBXFileReference; lastKnownFileType = sourcecode.swift; path = Extensions.swift; sourceTree = "<group>"; };
		18743DE125516F3E00993165 /* GradientView.swift */ = {isa = PBXFileReference; lastKnownFileType = sourcecode.swift; path = GradientView.swift; sourceTree = "<group>"; };
		18743DE32551A6BA00993165 /* Dummy.swift */ = {isa = PBXFileReference; lastKnownFileType = sourcecode.swift; path = Dummy.swift; sourceTree = "<group>"; };
/* End PBXFileReference section */

/* Begin PBXFrameworksBuildPhase section */
		18743DA92551653300993165 /* Frameworks */ = {
			isa = PBXFrameworksBuildPhase;
			buildActionMask = 2147483647;
			files = (
			);
			runOnlyForDeploymentPostprocessing = 0;
		};
		18743DBF2551653500993165 /* Frameworks */ = {
			isa = PBXFrameworksBuildPhase;
			buildActionMask = 2147483647;
			files = (
			);
			runOnlyForDeploymentPostprocessing = 0;
		};
		18743DCA2551653500993165 /* Frameworks */ = {
			isa = PBXFrameworksBuildPhase;
			buildActionMask = 2147483647;
			files = (
			);
			runOnlyForDeploymentPostprocessing = 0;
		};
/* End PBXFrameworksBuildPhase section */

/* Begin PBXGroup section */
		18743DA32551653300993165 = {
			isa = PBXGroup;
			children = (
				18743DAE2551653300993165 /* Task1 */,
				18743DC52551653500993165 /* Task1Tests */,
				18743DD02551653500993165 /* Task1UITests */,
				18743DAD2551653300993165 /* Products */,
			);
			sourceTree = "<group>";
		};
		18743DAD2551653300993165 /* Products */ = {
			isa = PBXGroup;
			children = (
				18743DAC2551653300993165 /* Task1.app */,
				18743DC22551653500993165 /* Task1Tests.xctest */,
				18743DCD2551653500993165 /* Task1UITests.xctest */,
			);
			name = Products;
			sourceTree = "<group>";
		};
		18743DAE2551653300993165 /* Task1 */ = {
			isa = PBXGroup;
			children = (
				18743DAF2551653300993165 /* AppDelegate.swift */,
				18743DB12551653300993165 /* SceneDelegate.swift */,
				18743DB32551653300993165 /* ViewController.swift */,
				18743DB52551653300993165 /* Main.storyboard */,
				18743DB82551653500993165 /* Assets.xcassets */,
				18743DBA2551653500993165 /* LaunchScreen.storyboard */,
				18743DBD2551653500993165 /* Info.plist */,
				18743DDF2551678B00993165 /* Extensions.swift */,
				18743DE125516F3E00993165 /* GradientView.swift */,
				18743DE32551A6BA00993165 /* Dummy.swift */,
			);
			path = Task1;
			sourceTree = "<group>";
		};
		18743DC52551653500993165 /* Task1Tests */ = {
			isa = PBXGroup;
			children = (
				18743DC62551653500993165 /* Task1Tests.swift */,
				18743DC82551653500993165 /* Info.plist */,
			);
			path = Task1Tests;
			sourceTree = "<group>";
		};
		18743DD02551653500993165 /* Task1UITests */ = {
			isa = PBXGroup;
			children = (
				18743DD12551653500993165 /* Task1UITests.swift */,
				18743DD32551653500993165 /* Info.plist */,
			);
			path = Task1UITests;
			sourceTree = "<group>";
		};
/* End PBXGroup section */

/* Begin PBXNativeTarget section */
		18743DAB2551653300993165 /* Task1 */ = {
			isa = PBXNativeTarget;
			buildConfigurationList = 18743DD62551653500993165 /* Build configuration list for PBXNativeTarget "Task1" */;
			buildPhases = (
				18743DA82551653300993165 /* Sources */,
				18743DA92551653300993165 /* Frameworks */,
				18743DAA2551653300993165 /* Resources */,
			);
			buildRules = (
			);
			dependencies = (
			);
			name = Task1;
			productName = Task1;
			productReference = 18743DAC2551653300993165 /* Task1.app */;
			productType = "com.apple.product-type.application";
		};
		18743DC12551653500993165 /* Task1Tests */ = {
			isa = PBXNativeTarget;
			buildConfigurationList = 18743DD92551653500993165 /* Build configuration list for PBXNativeTarget "Task1Tests" */;
			buildPhases = (
				18743DBE2551653500993165 /* Sources */,
				18743DBF2551653500993165 /* Frameworks */,
				18743DC02551653500993165 /* Resources */,
			);
			buildRules = (
			);
			dependencies = (
				18743DC42551653500993165 /* PBXTargetDependency */,
			);
			name = Task1Tests;
			productName = Task1Tests;
			productReference = 18743DC22551653500993165 /* Task1Tests.xctest */;
			productType = "com.apple.product-type.bundle.unit-test";
		};
		18743DCC2551653500993165 /* Task1UITests */ = {
			isa = PBXNativeTarget;
			buildConfigurationList = 18743DDC2551653500993165 /* Build configuration list for PBXNativeTarget "Task1UITests" */;
			buildPhases = (
				18743DC92551653500993165 /* Sources */,
				18743DCA2551653500993165 /* Frameworks */,
				18743DCB2551653500993165 /* Resources */,
			);
			buildRules = (
			);
			dependencies = (
				18743DCF2551653500993165 /* PBXTargetDependency */,
			);
			name = Task1UITests;
			productName = Task1UITests;
			productReference = 18743DCD2551653500993165 /* Task1UITests.xctest */;
			productType = "com.apple.product-type.bundle.ui-testing";
		};
/* End PBXNativeTarget section */

/* Begin PBXProject section */
		18743DA42551653300993165 /* Project object */ = {
			isa = PBXProject;
			attributes = {
				LastSwiftUpdateCheck = 1150;
				LastUpgradeCheck = 1150;
				ORGANIZATIONNAME = apple;
				TargetAttributes = {
					18743DAB2551653300993165 = {
						CreatedOnToolsVersion = 11.5;
					};
					18743DC12551653500993165 = {
						CreatedOnToolsVersion = 11.5;
						TestTargetID = 18743DAB2551653300993165;
					};
					18743DCC2551653500993165 = {
						CreatedOnToolsVersion = 11.5;
						TestTargetID = 18743DAB2551653300993165;
					};
				};
			};
			buildConfigurationList = 18743DA72551653300993165 /* Build configuration list for PBXProject "Task1" */;
			compatibilityVersion = "Xcode 9.3";
			developmentRegion = en;
			hasScannedForEncodings = 0;
			knownRegions = (
				en,
				Base,
			);
			mainGroup = 18743DA32551653300993165;
			productRefGroup = 18743DAD2551653300993165 /* Products */;
			projectDirPath = "";
			projectRoot = "";
			targets = (
				18743DAB2551653300993165 /* Task1 */,
				18743DC12551653500993165 /* Task1Tests */,
				18743DCC2551653500993165 /* Task1UITests */,
			);
		};
/* End PBXProject section */

/* Begin PBXResourcesBuildPhase section */
		18743DAA2551653300993165 /* Resources */ = {
			isa = PBXResourcesBuildPhase;
			buildActionMask = 2147483647;
			files = (
				18743DBC2551653500993165 /* LaunchScreen.storyboard in Resources */,
				18743DB92551653500993165 /* Assets.xcassets in Resources */,
				18743DB72551653300993165 /* Main.storyboard in Resources */,
			);
			runOnlyForDeploymentPostprocessing = 0;
		};
		18743DC02551653500993165 /* Resources */ = {
			isa = PBXResourcesBuildPhase;
			buildActionMask = 2147483647;
			files = (
			);
			runOnlyForDeploymentPostprocessing = 0;
		};
		18743DCB2551653500993165 /* Resources */ = {
			isa = PBXResourcesBuildPhase;
			buildActionMask = 2147483647;
			files = (
			);
			runOnlyForDeploymentPostprocessing = 0;
		};
/* End PBXResourcesBuildPhase section */

/* Begin PBXSourcesBuildPhase section */
		18743DA82551653300993165 /* Sources */ = {
			isa = PBXSourcesBuildPhase;
			buildActionMask = 2147483647;
			files = (
				18743DB42551653300993165 /* ViewController.swift in Sources */,
				18743DB02551653300993165 /* AppDelegate.swift in Sources */,
				18743DE225516F3E00993165 /* GradientView.swift in Sources */,
				18743DB22551653300993165 /* SceneDelegate.swift in Sources */,
				18743DE42551A6BA00993165 /* Dummy.swift in Sources */,
				18743DE02551678B00993165 /* Extensions.swift in Sources */,
			);
			runOnlyForDeploymentPostprocessing = 0;
		};
		18743DBE2551653500993165 /* Sources */ = {
			isa = PBXSourcesBuildPhase;
			buildActionMask = 2147483647;
			files = (
				18743DC72551653500993165 /* Task1Tests.swift in Sources */,
			);
			runOnlyForDeploymentPostprocessing = 0;
		};
		18743DC92551653500993165 /* Sources */ = {
			isa = PBXSourcesBuildPhase;
			buildActionMask = 2147483647;
			files = (
				18743DD22551653500993165 /* Task1UITests.swift in Sources */,
			);
			runOnlyForDeploymentPostprocessing = 0;
		};
/* End PBXSourcesBuildPhase section */

/* Begin PBXTargetDependency section */
		18743DC42551653500993165 /* PBXTargetDependency */ = {
			isa = PBXTargetDependency;
			target = 18743DAB2551653300993165 /* Task1 */;
			targetProxy = 18743DC32551653500993165 /* PBXContainerItemProxy */;
		};
		18743DCF2551653500993165 /* PBXTargetDependency */ = {
			isa = PBXTargetDependency;
			target = 18743DAB2551653300993165 /* Task1 */;
			targetProxy = 18743DCE2551653500993165 /* PBXContainerItemProxy */;
		};
/* End PBXTargetDependency section */

/* Begin PBXVariantGroup section */
		18743DB52551653300993165 /* Main.storyboard */ = {
			isa = PBXVariantGroup;
			children = (
				18743DB62551653300993165 /* Base */,
			);
			name = Main.storyboard;
			sourceTree = "<group>";
		};
		18743DBA2551653500993165 /* LaunchScreen.storyboard */ = {
			isa = PBXVariantGroup;
			children = (
				18743DBB2551653500993165 /* Base */,
			);
			name = LaunchScreen.storyboard;
			sourceTree = "<group>";
		};
/* End PBXVariantGroup section */

/* Begin XCBuildConfiguration section */
		18743DD42551653500993165 /* Debug */ = {
			isa = XCBuildConfiguration;
			buildSettings = {
				ALWAYS_SEARCH_USER_PATHS = NO;
				CLANG_ANALYZER_NONNULL = YES;
				CLANG_ANALYZER_NUMBER_OBJECT_CONVERSION = YES_AGGRESSIVE;
				CLANG_CXX_LANGUAGE_STANDARD = "gnu++14";
				CLANG_CXX_LIBRARY = "libc++";
				CLANG_ENABLE_MODULES = YES;
				CLANG_ENABLE_OBJC_ARC = YES;
				CLANG_ENABLE_OBJC_WEAK = YES;
				CLANG_WARN_BLOCK_CAPTURE_AUTORELEASING = YES;
				CLANG_WARN_BOOL_CONVERSION = YES;
				CLANG_WARN_COMMA = YES;
				CLANG_WARN_CONSTANT_CONVERSION = YES;
				CLANG_WARN_DEPRECATED_OBJC_IMPLEMENTATIONS = YES;
				CLANG_WARN_DIRECT_OBJC_ISA_USAGE = YES_ERROR;
				CLANG_WARN_DOCUMENTATION_COMMENTS = YES;
				CLANG_WARN_EMPTY_BODY = YES;
				CLANG_WARN_ENUM_CONVERSION = YES;
				CLANG_WARN_INFINITE_RECURSION = YES;
				CLANG_WARN_INT_CONVERSION = YES;
				CLANG_WARN_NON_LITERAL_NULL_CONVERSION = YES;
				CLANG_WARN_OBJC_IMPLICIT_RETAIN_SELF = YES;
				CLANG_WARN_OBJC_LITERAL_CONVERSION = YES;
				CLANG_WARN_OBJC_ROOT_CLASS = YES_ERROR;
				CLANG_WARN_RANGE_LOOP_ANALYSIS = YES;
				CLANG_WARN_STRICT_PROTOTYPES = YES;
				CLANG_WARN_SUSPICIOUS_MOVE = YES;
				CLANG_WARN_UNGUARDED_AVAILABILITY = YES_AGGRESSIVE;
				CLANG_WARN_UNREACHABLE_CODE = YES;
				CLANG_WARN__DUPLICATE_METHOD_MATCH = YES;
				COPY_PHASE_STRIP = NO;
				DEBUG_INFORMATION_FORMAT = dwarf;
				ENABLE_STRICT_OBJC_MSGSEND = YES;
				ENABLE_TESTABILITY = YES;
				GCC_C_LANGUAGE_STANDARD = gnu11;
				GCC_DYNAMIC_NO_PIC = NO;
				GCC_NO_COMMON_BLOCKS = YES;
				GCC_OPTIMIZATION_LEVEL = 0;
				GCC_PREPROCESSOR_DEFINITIONS = (
					"DEBUG=1",
					"$(inherited)",
				);
				GCC_WARN_64_TO_32_BIT_CONVERSION = YES;
				GCC_WARN_ABOUT_RETURN_TYPE = YES_ERROR;
				GCC_WARN_UNDECLARED_SELECTOR = YES;
				GCC_WARN_UNINITIALIZED_AUTOS = YES_AGGRESSIVE;
				GCC_WARN_UNUSED_FUNCTION = YES;
				GCC_WARN_UNUSED_VARIABLE = YES;
				IPHONEOS_DEPLOYMENT_TARGET = 13.5;
				MTL_ENABLE_DEBUG_INFO = INCLUDE_SOURCE;
				MTL_FAST_MATH = YES;
				ONLY_ACTIVE_ARCH = YES;
				SDKROOT = iphoneos;
				SWIFT_ACTIVE_COMPILATION_CONDITIONS = DEBUG;
				SWIFT_OPTIMIZATION_LEVEL = "-Onone";
			};
			name = Debug;
		};
		18743DD52551653500993165 /* Release */ = {
			isa = XCBuildConfiguration;
			buildSettings = {
				ALWAYS_SEARCH_USER_PATHS = NO;
				CLANG_ANALYZER_NONNULL = YES;
				CLANG_ANALYZER_NUMBER_OBJECT_CONVERSION = YES_AGGRESSIVE;
				CLANG_CXX_LANGUAGE_STANDARD = "gnu++14";
				CLANG_CXX_LIBRARY = "libc++";
				CLANG_ENABLE_MODULES = YES;
				CLANG_ENABLE_OBJC_ARC = YES;
				CLANG_ENABLE_OBJC_WEAK = YES;
				CLANG_WARN_BLOCK_CAPTURE_AUTORELEASING = YES;
				CLANG_WARN_BOOL_CONVERSION = YES;
				CLANG_WARN_COMMA = YES;
				CLANG_WARN_CONSTANT_CONVERSION = YES;
				CLANG_WARN_DEPRECATED_OBJC_IMPLEMENTATIONS = YES;
				CLANG_WARN_DIRECT_OBJC_ISA_USAGE = YES_ERROR;
				CLANG_WARN_DOCUMENTATION_COMMENTS = YES;
				CLANG_WARN_EMPTY_BODY = YES;
				CLANG_WARN_ENUM_CONVERSION = YES;
				CLANG_WARN_INFINITE_RECURSION = YES;
				CLANG_WARN_INT_CONVERSION = YES;
				CLANG_WARN_NON_LITERAL_NULL_CONVERSION = YES;
				CLANG_WARN_OBJC_IMPLICIT_RETAIN_SELF = YES;
				CLANG_WARN_OBJC_LITERAL_CONVERSION = YES;
				CLANG_WARN_OBJC_ROOT_CLASS = YES_ERROR;
				CLANG_WARN_RANGE_LOOP_ANALYSIS = YES;
				CLANG_WARN_STRICT_PROTOTYPES = YES;
				CLANG_WARN_SUSPICIOUS_MOVE = YES;
				CLANG_WARN_UNGUARDED_AVAILABILITY = YES_AGGRESSIVE;
				CLANG_WARN_UNREACHABLE_CODE = YES;
				CLANG_WARN__DUPLICATE_METHOD_MATCH = YES;
				COPY_PHASE_STRIP = NO;
				DEBUG_INFORMATION_FORMAT = "dwarf-with-dsym";
				ENABLE_NS_ASSERTIONS = NO;
				ENABLE_STRICT_OBJC_MSGSEND = YES;
				GCC_C_LANGUAGE_STANDARD = gnu11;
				GCC_NO_COMMON_BLOCKS = YES;
				GCC_WARN_64_TO_32_BIT_CONVERSION = YES;
				GCC_WARN_ABOUT_RETURN_TYPE = YES_ERROR;
				GCC_WARN_UNDECLARED_SELECTOR = YES;
				GCC_WARN_UNINITIALIZED_AUTOS = YES_AGGRESSIVE;
				GCC_WARN_UNUSED_FUNCTION = YES;
				GCC_WARN_UNUSED_VARIABLE = YES;
				IPHONEOS_DEPLOYMENT_TARGET = 13.5;
				MTL_ENABLE_DEBUG_INFO = NO;
				MTL_FAST_MATH = YES;
				SDKROOT = iphoneos;
				SWIFT_COMPILATION_MODE = wholemodule;
				SWIFT_OPTIMIZATION_LEVEL = "-O";
				VALIDATE_PRODUCT = YES;
			};
			name = Release;
		};
		18743DD72551653500993165 /* Debug */ = {
			isa = XCBuildConfiguration;
			buildSettings = {
				ASSETCATALOG_COMPILER_APPICON_NAME = AppIcon;
				CODE_SIGN_STYLE = Automatic;
				DEVELOPMENT_TEAM = 9L2W7HG62P;
				INFOPLIST_FILE = Task1/Info.plist;
				IPHONEOS_DEPLOYMENT_TARGET = 13.0;
				LD_RUNPATH_SEARCH_PATHS = (
					"$(inherited)",
					"@executable_path/Frameworks",
				);
				PRODUCT_BUNDLE_IDENTIFIER = com.emilence.Task1;
				PRODUCT_NAME = "$(TARGET_NAME)";
				SWIFT_VERSION = 5.0;
				TARGETED_DEVICE_FAMILY = "1,2";
			};
			name = Debug;
		};
		18743DD82551653500993165 /* Release */ = {
			isa = XCBuildConfiguration;
			buildSettings = {
				ASSETCATALOG_COMPILER_APPICON_NAME = AppIcon;
				CODE_SIGN_STYLE = Automatic;
				DEVELOPMENT_TEAM = 9L2W7HG62P;
				INFOPLIST_FILE = Task1/Info.plist;
				IPHONEOS_DEPLOYMENT_TARGET = 13.0;
				LD_RUNPATH_SEARCH_PATHS = (
					"$(inherited)",
					"@executable_path/Frameworks",
				);
				PRODUCT_BUNDLE_IDENTIFIER = com.emilence.Task1;
				PRODUCT_NAME = "$(TARGET_NAME)";
				SWIFT_VERSION = 5.0;
				TARGETED_DEVICE_FAMILY = "1,2";
			};
			name = Release;
		};
		18743DDA2551653500993165 /* Debug */ = {
			isa = XCBuildConfiguration;
			buildSettings = {
				ALWAYS_EMBED_SWIFT_STANDARD_LIBRARIES = YES;
				BUNDLE_LOADER = "$(TEST_HOST)";
				CODE_SIGN_STYLE = Automatic;
				DEVELOPMENT_TEAM = 9L2W7HG62P;
				INFOPLIST_FILE = Task1Tests/Info.plist;
				IPHONEOS_DEPLOYMENT_TARGET = 13.5;
				LD_RUNPATH_SEARCH_PATHS = (
					"$(inherited)",
					"@executable_path/Frameworks",
					"@loader_path/Frameworks",
				);
				PRODUCT_BUNDLE_IDENTIFIER = com.emilence.Task1Tests;
				PRODUCT_NAME = "$(TARGET_NAME)";
				SWIFT_VERSION = 5.0;
				TARGETED_DEVICE_FAMILY = "1,2";
				TEST_HOST = "$(BUILT_PRODUCTS_DIR)/Task1.app/Task1";
			};
			name = Debug;
		};
		18743DDB2551653500993165 /* Release */ = {
			isa = XCBuildConfiguration;
			buildSettings = {
				ALWAYS_EMBED_SWIFT_STANDARD_LIBRARIES = YES;
				BUNDLE_LOADER = "$(TEST_HOST)";
				CODE_SIGN_STYLE = Automatic;
				DEVELOPMENT_TEAM = 9L2W7HG62P;
				INFOPLIST_FILE = Task1Tests/Info.plist;
				IPHONEOS_DEPLOYMENT_TARGET = 13.5;
				LD_RUNPATH_SEARCH_PATHS = (
					"$(inherited)",
					"@executable_path/Frameworks",
					"@loader_path/Frameworks",
				);
				PRODUCT_BUNDLE_IDENTIFIER = com.emilence.Task1Tests;
				PRODUCT_NAME = "$(TARGET_NAME)";
				SWIFT_VERSION = 5.0;
				TARGETED_DEVICE_FAMILY = "1,2";
				TEST_HOST = "$(BUILT_PRODUCTS_DIR)/Task1.app/Task1";
			};
			name = Release;
		};
		18743DDD2551653500993165 /* Debug */ = {
			isa = XCBuildConfiguration;
			buildSettings = {
				ALWAYS_EMBED_SWIFT_STANDARD_LIBRARIES = YES;
				CODE_SIGN_STYLE = Automatic;
				DEVELOPMENT_TEAM = 9L2W7HG62P;
				INFOPLIST_FILE = Task1UITests/Info.plist;
				LD_RUNPATH_SEARCH_PATHS = (
					"$(inherited)",
					"@executable_path/Frameworks",
					"@loader_path/Frameworks",
				);
				PRODUCT_BUNDLE_IDENTIFIER = com.emilence.Task1UITests;
				PRODUCT_NAME = "$(TARGET_NAME)";
				SWIFT_VERSION = 5.0;
				TARGETED_DEVICE_FAMILY = "1,2";
				TEST_TARGET_NAME = Task1;
			};
			name = Debug;
		};
		18743DDE2551653500993165 /* Release */ = {
			isa = XCBuildConfiguration;
			buildSettings = {
				ALWAYS_EMBED_SWIFT_STANDARD_LIBRARIES = YES;
				CODE_SIGN_STYLE = Automatic;
				DEVELOPMENT_TEAM = 9L2W7HG62P;
				INFOPLIST_FILE = Task1UITests/Info.plist;
				LD_RUNPATH_SEARCH_PATHS = (
					"$(inherited)",
					"@executable_path/Frameworks",
					"@loader_path/Frameworks",
				);
				PRODUCT_BUNDLE_IDENTIFIER = com.emilence.Task1UITests;
				PRODUCT_NAME = "$(TARGET_NAME)";
				SWIFT_VERSION = 5.0;
				TARGETED_DEVICE_FAMILY = "1,2";
				TEST_TARGET_NAME = Task1;
			};
			name = Release;
		};
/* End XCBuildConfiguration section */

/* Begin XCConfigurationList section */
		18743DA72551653300993165 /* Build configuration list for PBXProject "Task1" */ = {
			isa = XCConfigurationList;
			buildConfigurations = (
				18743DD42551653500993165 /* Debug */,
				18743DD52551653500993165 /* Release */,
			);
			defaultConfigurationIsVisible = 0;
			defaultConfigurationName = Release;
		};
		18743DD62551653500993165 /* Build configuration list for PBXNativeTarget "Task1" */ = {
			isa = XCConfigurationList;
			buildConfigurations = (
				18743DD72551653500993165 /* Debug */,
				18743DD82551653500993165 /* Release */,
			);
			defaultConfigurationIsVisible = 0;
			defaultConfigurationName = Release;
		};
		18743DD92551653500993165 /* Build configuration list for PBXNativeTarget "Task1Tests" */ = {
			isa = XCConfigurationList;
			buildConfigurations = (
				18743DDA2551653500993165 /* Debug */,
				18743DDB2551653500993165 /* Release */,
			);
			defaultConfigurationIsVisible = 0;
			defaultConfigurationName = Release;
		};
		18743DDC2551653500993165 /* Build configuration list for PBXNativeTarget "Task1UITests" */ = {
			isa = XCConfigurationList;
			buildConfigurations = (
				18743DDD2551653500993165 /* Debug */,
				18743DDE2551653500993165 /* Release */,
			);
			defaultConfigurationIsVisible = 0;
			defaultConfigurationName = Release;
		};
/* End XCConfigurationList section */
	};
	rootObject = 18743DA42551653300993165 /* Project object */;
}
